
Microsoft Visual Studio Solution File, Format Version 12.00
# Visual Studio Version 17
VisualStudioVersion = 17.2.32616.157
MinimumVisualStudioVersion = 10.0.40219.1
Project("{FAE04EC0-301F-11D3-BF4B-00C04F79EFBC}") = "FaturamentoDiario", "FaturamentoDiario\FaturamentoDiario.csproj", "{8EB3904D-547F-4CA2-9E72-557AF028A097}"
EndProject
Global
	GlobalSection(SolutionConfigurationPlatforms) = preSolution
		Debug|Any CPU = Debug|Any CPU
		Release|Any CPU = Release|Any CPU
	EndGlobalSection
	GlobalSection(ProjectConfigurationPlatforms) = postSolution
		{8EB3904D-547F-4CA2-9E72-557AF028A097}.Debug|Any CPU.ActiveCfg = Debug|Any CPU
		{8EB3904D-547F-4CA2-9E72-557AF028A097}.Debug|Any CPU.Build.0 = Debug|Any CPU
		{8EB3904D-547F-4CA2-9E72-557AF028A097}.Release|Any CPU.ActiveCfg = Release|Any CPU
		{8EB3904D-547F-4CA2-9E72-557AF028A097}.Release|Any CPU.Build.0 = Release|Any CPU
	EndGlobalSection
	GlobalSection(SolutionProperties) = preSolution
		HideSolutionNode = FALSE
	EndGlobalSection
	GlobalSection(ExtensibilityGlobals) = postSolution
		SolutionGuid = {737A0A82-B1E3-436D-9DE6-C2D1FC3A16E5}
	EndGlobalSection
EndGlobal
